
Microsoft Visual Studio Solution File, Format Version 12.00
# Visual Studio Version 16
VisualStudioVersion = 16.0.30703.110
MinimumVisualStudioVersion = 10.0.40219.1
Project("{FAE04EC0-301F-11D3-BF4B-00C04F79EFBC}") = "FormMussoev103", "WindowsFormsApp1\FormMussoev103.csproj", "{43B4B655-8945-4866-913E-CCC041A428B4}"
EndProject
Project("{FAE04EC0-301F-11D3-BF4B-00C04F79EFBC}") = "timer_event", "timer_event\timer_event.csproj", "{880708C1-7647-4215-876E-F1CDA312C89C}"
EndProject
Project("{FAE04EC0-301F-11D3-BF4B-00C04F79EFBC}") = "cw1_familia", "cw1_familia\cw1_familia.csproj", "{60348A06-4F5C-42B2-93F4-7762908E170C}"
EndProject
Project("{FAE04EC0-301F-11D3-BF4B-00C04F79EFBC}") = "element_class", "element_class\element_class.csproj", "{75C97C40-FAFE-4AC6-A9B3-2DA5AB36CB2E}"
EndProject
Project("{FAE04EC0-301F-11D3-BF4B-00C04F79EFBC}") = "grades", "grades\grades.csproj", "{AF48E43B-041A-4F0D-9EB5-A48473C25C8A}"
EndProject
Project("{FAE04EC0-301F-11D3-BF4B-00C04F79EFBC}") = "paint", "paint\paint.csproj", "{2CF449F7-0E4A-4236-A6D2-FA868A00F74E}"
EndProject
Global
	GlobalSection(SolutionConfigurationPlatforms) = preSolution
		Debug|Any CPU = Debug|Any CPU
		Release|Any CPU = Release|Any CPU
	EndGlobalSection
	GlobalSection(ProjectConfigurationPlatforms) = postSolution
		{43B4B655-8945-4866-913E-CCC041A428B4}.Debug|Any CPU.ActiveCfg = Debug|Any CPU
		{43B4B655-8945-4866-913E-CCC041A428B4}.Debug|Any CPU.Build.0 = Debug|Any CPU
		{43B4B655-8945-4866-913E-CCC041A428B4}.Release|Any CPU.ActiveCfg = Release|Any CPU
		{43B4B655-8945-4866-913E-CCC041A428B4}.Release|Any CPU.Build.0 = Release|Any CPU
		{880708C1-7647-4215-876E-F1CDA312C89C}.Debug|Any CPU.ActiveCfg = Debug|Any CPU
		{880708C1-7647-4215-876E-F1CDA312C89C}.Debug|Any CPU.Build.0 = Debug|Any CPU
		{880708C1-7647-4215-876E-F1CDA312C89C}.Release|Any CPU.ActiveCfg = Release|Any CPU
		{880708C1-7647-4215-876E-F1CDA312C89C}.Release|Any CPU.Build.0 = Release|Any CPU
		{60348A06-4F5C-42B2-93F4-7762908E170C}.Debug|Any CPU.ActiveCfg = Debug|Any CPU
		{60348A06-4F5C-42B2-93F4-7762908E170C}.Debug|Any CPU.Build.0 = Debug|Any CPU
		{60348A06-4F5C-42B2-93F4-7762908E170C}.Release|Any CPU.ActiveCfg = Release|Any CPU
		{60348A06-4F5C-42B2-93F4-7762908E170C}.Release|Any CPU.Build.0 = Release|Any CPU
		{75C97C40-FAFE-4AC6-A9B3-2DA5AB36CB2E}.Debug|Any CPU.ActiveCfg = Debug|Any CPU
		{75C97C40-FAFE-4AC6-A9B3-2DA5AB36CB2E}.Debug|Any CPU.Build.0 = Debug|Any CPU
		{75C97C40-FAFE-4AC6-A9B3-2DA5AB36CB2E}.Release|Any CPU.ActiveCfg = Release|Any CPU
		{75C97C40-FAFE-4AC6-A9B3-2DA5AB36CB2E}.Release|Any CPU.Build.0 = Release|Any CPU
		{AF48E43B-041A-4F0D-9EB5-A48473C25C8A}.Debug|Any CPU.ActiveCfg = Debug|Any CPU
		{AF48E43B-041A-4F0D-9EB5-A48473C25C8A}.Debug|Any CPU.Build.0 = Debug|Any CPU
		{AF48E43B-041A-4F0D-9EB5-A48473C25C8A}.Release|Any CPU.ActiveCfg = Release|Any CPU
		{AF48E43B-041A-4F0D-9EB5-A48473C25C8A}.Release|Any CPU.Build.0 = Release|Any CPU
		{2CF449F7-0E4A-4236-A6D2-FA868A00F74E}.Debug|Any CPU.ActiveCfg = Debug|Any CPU
		{2CF449F7-0E4A-4236-A6D2-FA868A00F74E}.Debug|Any CPU.Build.0 = Debug|Any CPU
		{2CF449F7-0E4A-4236-A6D2-FA868A00F74E}.Release|Any CPU.ActiveCfg = Release|Any CPU
		{2CF449F7-0E4A-4236-A6D2-FA868A00F74E}.Release|Any CPU.Build.0 = Release|Any CPU
	EndGlobalSection
	GlobalSection(SolutionProperties) = preSolution
		HideSolutionNode = FALSE
	EndGlobalSection
	GlobalSection(ExtensibilityGlobals) = postSolution
		SolutionGuid = {46BBF0A0-237D-46BB-AB57-84ABB6B6811A}
	EndGlobalSection
EndGlobal
